{
  "name": "claude-code-launcher",
  "version": "2.0.0",
  "lockfileVersion": 3,
  "requires": true,
  "packages": {
    "": {
      "name": "claude-code-launcher",
      "version": "2.0.0",
      "dependencies": {
        "node-pty": "^1.1.0",
        "xterm": "^5.3.0",
        "xterm-addon-fit": "^0.8.0",
        "xterm-addon-search": "^0.13.0",
        "xterm-addon-web-links": "^0.9.0"
      },
      "engines": {
        "vscode": "^1.80.0"
      }
    },
    "node_modules/node-addon-api": {
      "version": "7.1.1",
      "resolved": "https://registry.npmjs.org/node-addon-api/-/node-addon-api-7.1.1.tgz",
      "integrity": "sha512-5m3bsyrjFWE1xf7nz7YXdN4udnVtXK6/Yfgn5qnahL6bCkf2yKt4k3nuTKAtT4r3IG8JNR2ncsIMdZuAzJjHQQ==",
      "license": "MIT"
    },
    "node_modules/node-pty": {
      "version": "1.1.0",
      "resolved": "https://registry.npmjs.org/node-pty/-/node-pty-1.1.0.tgz",
      "integrity": "sha512-20JqtutY6JPXTUnL0ij1uad7Qe1baT46lyolh2sSENDd4sTzKZ4nmAFkeAARDKwmlLjPx6XKRlwRUxwjOy+lUg==",
      "hasInstallScript": true,
      "license": "MIT",
      "dependencies": {
        "node-addon-api": "^7.1.0"
      }
    },
    "node_modules/xterm": {
      "version": "5.3.0",
      "resolved": "https://registry.npmjs.org/xterm/-/xterm-5.3.0.tgz",
      "integrity": "sha512-8QqjlekLUFTrU6x7xck1MsPzPA571K5zNqWm0M0oroYEWVOptZ0+ubQSkQ3uxIEhcIHRujJy6emDWX4A7qyFzg==",
      "deprecated": "This package is now deprecated. Move to @xterm/xterm instead.",
      "license": "MIT"
    },
    "node_modules/xterm-addon-fit": {
      "version": "0.8.0",
      "resolved": "https://registry.npmjs.org/xterm-addon-fit/-/xterm-addon-fit-0.8.0.tgz",
      "integrity": "sha512-yj3Np7XlvxxhYF/EJ7p3KHaMt6OdwQ+HDu573Vx1lRXsVxOcnVJs51RgjZOouIZOczTsskaS+CpXspK81/DLqw==",
      "deprecated": "This package is now deprecated. Move to @xterm/addon-fit instead.",
      "license": "MIT",
      "peerDependencies": {
        "xterm": "^5.0.0"
      }
    },
    "node_modules/xterm-addon-search": {
      "version": "0.13.0",
      "resolved": "https://registry.npmjs.org/xterm-addon-search/-/xterm-addon-search-0.13.0.tgz",
      "integrity": "sha512-sDUwG4CnqxUjSEFh676DlS3gsh3XYCzAvBPSvJ5OPgF3MRL3iHLPfsb06doRicLC2xXNpeG2cWk8x1qpESWJMA==",
      "deprecated": "This package is now deprecated. Move to @xterm/addon-search instead.",
      "license": "MIT",
      "peerDependencies": {
        "xterm": "^5.0.0"
      }
    },
    "node_modules/xterm-addon-web-links": {
      "version": "0.9.0",
      "resolved": "https://registry.npmjs.org/xterm-addon-web-links/-/xterm-addon-web-links-0.9.0.tgz",
      "integrity": "sha512-LIzi4jBbPlrKMZF3ihoyqayWyTXAwGfu4yprz1aK2p71e9UKXN6RRzVONR0L+Zd+Ik5tPVI9bwp9e8fDTQh49Q==",
      "deprecated": "This package is now deprecated. Move to @xterm/addon-web-links instead.",
      "license": "MIT",
      "peerDependencies": {
        "xterm": "^5.0.0"
      }
    }
  }
}
